
Microsoft Visual Studio Solution File, Format Version 12.00
# Visual Studio Version 17
VisualStudioVersion = 17.11.35303.130
MinimumVisualStudioVersion = 10.0.40219.1
Project("{FAE04EC0-301F-11D3-BF4B-00C04F79EFBC}") = "OstukorvApp", "OstukorvApp.csproj", "{C955D763-985B-4E79-BE56-F8E61B440CBA}"
EndProject
Global
	GlobalSection(SolutionConfigurationPlatforms) = preSolution
		Debug|Any CPU = Debug|Any CPU
		Release|Any CPU = Release|Any CPU
	EndGlobalSection
	GlobalSection(ProjectConfigurationPlatforms) = postSolution
		{C955D763-985B-4E79-BE56-F8E61B440CBA}.Debug|Any CPU.ActiveCfg = Debug|Any CPU
		{C955D763-985B-4E79-BE56-F8E61B440CBA}.Debug|Any CPU.Build.0 = Debug|Any CPU
		{C955D763-985B-4E79-BE56-F8E61B440CBA}.Release|Any CPU.ActiveCfg = Release|Any CPU
		{C955D763-985B-4E79-BE56-F8E61B440CBA}.Release|Any CPU.Build.0 = Release|Any CPU
	EndGlobalSection
	GlobalSection(SolutionProperties) = preSolution
		HideSolutionNode = FALSE
	EndGlobalSection
	GlobalSection(ExtensibilityGlobals) = postSolution
		SolutionGuid = {908DC0CB-AAB9-4B9F-9C57-25AB3D7EFF86}
	EndGlobalSection
EndGlobal
